<Solution>
  <Project Path="Unity.Cinemachine.Editor.csproj" />
  <Project Path="asset-store-tools-editor.csproj" />
  <Project Path="com.whisper.unity.csproj" />
  <Project Path="Unity.Cinemachine.csproj" />
  <Project Path="PiperTTS.csproj" />
  <Project Path="com.whisper.unity.tests.csproj" />
  <Project Path="Assembly-CSharp-Editor.csproj" />
  <Project Path="PiperTTSHelper.csproj" />
  <Project Path="com.whisper.unity.editor.csproj" />
</Solution>
